
Microsoft Visual Studio Solution File, Format Version 12.00
# Visual Studio Version 16
VisualStudioVersion = 16.0.30804.86
MinimumVisualStudioVersion = 10.0.40219.1
Project("{8BC9CEB8-8B4A-11D0-8D11-00A0C91BC942}") = "3.05", "лаб7\лаб7.vcxproj", "{B29DE0A7-2FF1-468E-872F-440C7A47205F}"
EndProject
Project("{8BC9CEB8-8B4A-11D0-8D11-00A0C91BC942}") = "1.05", "lab1\lab1.vcxproj", "{FDDAE352-DC00-4B4B-8C46-A352E112FB8F}"
EndProject
Project("{8BC9CEB8-8B4A-11D0-8D11-00A0C91BC942}") = "1.25", "lab3\lab3.vcxproj", "{813DCBCF-E954-4D82-BE63-8EB711155983}"
EndProject
Project("{8BC9CEB8-8B4A-11D0-8D11-00A0C91BC942}") = "3.15", "lab8\lab8.vcxproj", "{B0D14D58-62CB-4DB2-B7EE-8A95D3F7552B}"
EndProject
Project("{8BC9CEB8-8B4A-11D0-8D11-00A0C91BC942}") = "3.25", "lab9\lab9.vcxproj", "{775B47E0-BCA1-470C-A280-9719AE7F6AE9}"
EndProject
Project("{8BC9CEB8-8B4A-11D0-8D11-00A0C91BC942}") = "1.15", "lab2\lab2.vcxproj", "{B03A2CFC-F762-4151-87DD-D64C8BCD291F}"
EndProject
Project("{8BC9CEB8-8B4A-11D0-8D11-00A0C91BC942}") = "4.25", "lab12\lab12.vcxproj", "{1B079ACA-6794-4911-8286-398793E620D1}"
EndProject
Project("{8BC9CEB8-8B4A-11D0-8D11-00A0C91BC942}") = "2.05", "2.5\2.5.vcxproj", "{6A3368C4-ED9B-44F8-B78C-C9F4FE12B037}"
EndProject
Project("{8BC9CEB8-8B4A-11D0-8D11-00A0C91BC942}") = "2.15", "2.15\2.15.vcxproj", "{610E0AA9-24DE-4BCF-A55C-A3D886F00118}"
EndProject
Project("{8BC9CEB8-8B4A-11D0-8D11-00A0C91BC942}") = "2.25", "2.25\2.25.vcxproj", "{795236A1-7E7D-4F98-AAB6-511BB5BFA7B7}"
EndProject
Global
	GlobalSection(SolutionConfigurationPlatforms) = preSolution
		Debug|x64 = Debug|x64
		Debug|x86 = Debug|x86
		Release|x64 = Release|x64
		Release|x86 = Release|x86
	EndGlobalSection
	GlobalSection(ProjectConfigurationPlatforms) = postSolution
		{B29DE0A7-2FF1-468E-872F-440C7A47205F}.Debug|x64.ActiveCfg = Debug|x64
		{B29DE0A7-2FF1-468E-872F-440C7A47205F}.Debug|x64.Build.0 = Debug|x64
		{B29DE0A7-2FF1-468E-872F-440C7A47205F}.Debug|x86.ActiveCfg = Debug|Win32
		{B29DE0A7-2FF1-468E-872F-440C7A47205F}.Debug|x86.Build.0 = Debug|Win32
		{B29DE0A7-2FF1-468E-872F-440C7A47205F}.Release|x64.ActiveCfg = Release|x64
		{B29DE0A7-2FF1-468E-872F-440C7A47205F}.Release|x64.Build.0 = Release|x64
		{B29DE0A7-2FF1-468E-872F-440C7A47205F}.Release|x86.ActiveCfg = Release|Win32
		{B29DE0A7-2FF1-468E-872F-440C7A47205F}.Release|x86.Build.0 = Release|Win32
		{FDDAE352-DC00-4B4B-8C46-A352E112FB8F}.Debug|x64.ActiveCfg = Debug|x64
		{FDDAE352-DC00-4B4B-8C46-A352E112FB8F}.Debug|x64.Build.0 = Debug|x64
		{FDDAE352-DC00-4B4B-8C46-A352E112FB8F}.Debug|x86.ActiveCfg = Debug|Win32
		{FDDAE352-DC00-4B4B-8C46-A352E112FB8F}.Debug|x86.Build.0 = Debug|Win32
		{FDDAE352-DC00-4B4B-8C46-A352E112FB8F}.Release|x64.ActiveCfg = Release|x64
		{FDDAE352-DC00-4B4B-8C46-A352E112FB8F}.Release|x64.Build.0 = Release|x64
		{FDDAE352-DC00-4B4B-8C46-A352E112FB8F}.Release|x86.ActiveCfg = Release|Win32
		{FDDAE352-DC00-4B4B-8C46-A352E112FB8F}.Release|x86.Build.0 = Release|Win32
		{813DCBCF-E954-4D82-BE63-8EB711155983}.Debug|x64.ActiveCfg = Debug|x64
		{813DCBCF-E954-4D82-BE63-8EB711155983}.Debug|x64.Build.0 = Debug|x64
		{813DCBCF-E954-4D82-BE63-8EB711155983}.Debug|x86.ActiveCfg = Debug|Win32
		{813DCBCF-E954-4D82-BE63-8EB711155983}.Debug|x86.Build.0 = Debug|Win32
		{813DCBCF-E954-4D82-BE63-8EB711155983}.Release|x64.ActiveCfg = Release|x64
		{813DCBCF-E954-4D82-BE63-8EB711155983}.Release|x64.Build.0 = Release|x64
		{813DCBCF-E954-4D82-BE63-8EB711155983}.Release|x86.ActiveCfg = Release|Win32
		{813DCBCF-E954-4D82-BE63-8EB711155983}.Release|x86.Build.0 = Release|Win32
		{B0D14D58-62CB-4DB2-B7EE-8A95D3F7552B}.Debug|x64.ActiveCfg = Debug|x64
		{B0D14D58-62CB-4DB2-B7EE-8A95D3F7552B}.Debug|x64.Build.0 = Debug|x64
		{B0D14D58-62CB-4DB2-B7EE-8A95D3F7552B}.Debug|x86.ActiveCfg = Debug|Win32
		{B0D14D58-62CB-4DB2-B7EE-8A95D3F7552B}.Debug|x86.Build.0 = Debug|Win32
		{B0D14D58-62CB-4DB2-B7EE-8A95D3F7552B}.Release|x64.ActiveCfg = Release|x64
		{B0D14D58-62CB-4DB2-B7EE-8A95D3F7552B}.Release|x64.Build.0 = Release|x64
		{B0D14D58-62CB-4DB2-B7EE-8A95D3F7552B}.Release|x86.ActiveCfg = Release|Win32
		{B0D14D58-62CB-4DB2-B7EE-8A95D3F7552B}.Release|x86.Build.0 = Release|Win32
		{775B47E0-BCA1-470C-A280-9719AE7F6AE9}.Debug|x64.ActiveCfg = Debug|x64
		{775B47E0-BCA1-470C-A280-9719AE7F6AE9}.Debug|x64.Build.0 = Debug|x64
		{775B47E0-BCA1-470C-A280-9719AE7F6AE9}.Debug|x86.ActiveCfg = Debug|Win32
		{775B47E0-BCA1-470C-A280-9719AE7F6AE9}.Debug|x86.Build.0 = Debug|Win32
		{775B47E0-BCA1-470C-A280-9719AE7F6AE9}.Release|x64.ActiveCfg = Release|x64
		{775B47E0-BCA1-470C-A280-9719AE7F6AE9}.Release|x64.Build.0 = Release|x64
		{775B47E0-BCA1-470C-A280-9719AE7F6AE9}.Release|x86.ActiveCfg = Release|Win32
		{775B47E0-BCA1-470C-A280-9719AE7F6AE9}.Release|x86.Build.0 = Release|Win32
		{B03A2CFC-F762-4151-87DD-D64C8BCD291F}.Debug|x64.ActiveCfg = Debug|x64
		{B03A2CFC-F762-4151-87DD-D64C8BCD291F}.Debug|x64.Build.0 = Debug|x64
		{B03A2CFC-F762-4151-87DD-D64C8BCD291F}.Debug|x86.ActiveCfg = Debug|Win32
		{B03A2CFC-F762-4151-87DD-D64C8BCD291F}.Debug|x86.Build.0 = Debug|Win32
		{B03A2CFC-F762-4151-87DD-D64C8BCD291F}.Release|x64.ActiveCfg = Release|x64
		{B03A2CFC-F762-4151-87DD-D64C8BCD291F}.Release|x64.Build.0 = Release|x64
		{B03A2CFC-F762-4151-87DD-D64C8BCD291F}.Release|x86.ActiveCfg = Release|Win32
		{B03A2CFC-F762-4151-87DD-D64C8BCD291F}.Release|x86.Build.0 = Release|Win32
		{1B079ACA-6794-4911-8286-398793E620D1}.Debug|x64.ActiveCfg = Debug|x64
		{1B079ACA-6794-4911-8286-398793E620D1}.Debug|x64.Build.0 = Debug|x64
		{1B079ACA-6794-4911-8286-398793E620D1}.Debug|x86.ActiveCfg = Debug|Win32
		{1B079ACA-6794-4911-8286-398793E620D1}.Debug|x86.Build.0 = Debug|Win32
		{1B079ACA-6794-4911-8286-398793E620D1}.Release|x64.ActiveCfg = Release|x64
		{1B079ACA-6794-4911-8286-398793E620D1}.Release|x64.Build.0 = Release|x64
		{1B079ACA-6794-4911-8286-398793E620D1}.Release|x86.ActiveCfg = Release|Win32
		{1B079ACA-6794-4911-8286-398793E620D1}.Release|x86.Build.0 = Release|Win32
		{6A3368C4-ED9B-44F8-B78C-C9F4FE12B037}.Debug|x64.ActiveCfg = Debug|x64
		{6A3368C4-ED9B-44F8-B78C-C9F4FE12B037}.Debug|x64.Build.0 = Debug|x64
		{6A3368C4-ED9B-44F8-B78C-C9F4FE12B037}.Debug|x86.ActiveCfg = Debug|Win32
		{6A3368C4-ED9B-44F8-B78C-C9F4FE12B037}.Debug|x86.Build.0 = Debug|Win32
		{6A3368C4-ED9B-44F8-B78C-C9F4FE12B037}.Release|x64.ActiveCfg = Release|x64
		{6A3368C4-ED9B-44F8-B78C-C9F4FE12B037}.Release|x64.Build.0 = Release|x64
		{6A3368C4-ED9B-44F8-B78C-C9F4FE12B037}.Release|x86.ActiveCfg = Release|Win32
		{6A3368C4-ED9B-44F8-B78C-C9F4FE12B037}.Release|x86.Build.0 = Release|Win32
		{610E0AA9-24DE-4BCF-A55C-A3D886F00118}.Debug|x64.ActiveCfg = Debug|x64
		{610E0AA9-24DE-4BCF-A55C-A3D886F00118}.Debug|x64.Build.0 = Debug|x64
		{610E0AA9-24DE-4BCF-A55C-A3D886F00118}.Debug|x86.ActiveCfg = Debug|Win32
		{610E0AA9-24DE-4BCF-A55C-A3D886F00118}.Debug|x86.Build.0 = Debug|Win32
		{610E0AA9-24DE-4BCF-A55C-A3D886F00118}.Release|x64.ActiveCfg = Release|x64
		{610E0AA9-24DE-4BCF-A55C-A3D886F00118}.Release|x64.Build.0 = Release|x64
		{610E0AA9-24DE-4BCF-A55C-A3D886F00118}.Release|x86.ActiveCfg = Release|Win32
		{610E0AA9-24DE-4BCF-A55C-A3D886F00118}.Release|x86.Build.0 = Release|Win32
		{795236A1-7E7D-4F98-AAB6-511BB5BFA7B7}.Debug|x64.ActiveCfg = Debug|x64
		{795236A1-7E7D-4F98-AAB6-511BB5BFA7B7}.Debug|x64.Build.0 = Debug|x64
		{795236A1-7E7D-4F98-AAB6-511BB5BFA7B7}.Debug|x86.ActiveCfg = Debug|Win32
		{795236A1-7E7D-4F98-AAB6-511BB5BFA7B7}.Debug|x86.Build.0 = Debug|Win32
		{795236A1-7E7D-4F98-AAB6-511BB5BFA7B7}.Release|x64.ActiveCfg = Release|x64
		{795236A1-7E7D-4F98-AAB6-511BB5BFA7B7}.Release|x64.Build.0 = Release|x64
		{795236A1-7E7D-4F98-AAB6-511BB5BFA7B7}.Release|x86.ActiveCfg = Release|Win32
		{795236A1-7E7D-4F98-AAB6-511BB5BFA7B7}.Release|x86.Build.0 = Release|Win32
	EndGlobalSection
	GlobalSection(SolutionProperties) = preSolution
		HideSolutionNode = FALSE
	EndGlobalSection
	GlobalSection(ExtensibilityGlobals) = postSolution
		SolutionGuid = {46D34A75-4465-4F29-8468-195DF707F695}
	EndGlobalSection
EndGlobal
